// !$*UTF8*$!
{
	archiveVersion = 1;
	classes = {
	};
	objectVersion = 56;
	objects = {

/* Begin PBXBuildFile section */
		D6A87A022AEB0AF7005A35AA /* RandomCurseGeneratorApp.swift in Sources */ = {isa = PBXBuildFile; fileRef = D6A87A012AEB0AF7005A35AA /* RandomCurseGeneratorApp.swift */; };
		D6A87A042AEB0AF7005A35AA /* ContentView.swift in Sources */ = {isa = PBXBuildFile; fileRef = D6A87A032AEB0AF7005A35AA /* ContentView.swift */; };
		D6A87A062AEB0AF8005A35AA /* Assets.xcassets in Resources */ = {isa = PBXBuildFile; fileRef = D6A87A052AEB0AF8005A35AA /* Assets.xcassets */; };
		D6A87A092AEB0AF8005A35AA /* Preview Assets.xcassets in Resources */ = {isa = PBXBuildFile; fileRef = D6A87A082AEB0AF8005A35AA /* Preview Assets.xcassets */; };
		D6A87A132AEB0AF8005A35AA /* RandomCurseGeneratorTests.swift in Sources */ = {isa = PBXBuildFile; fileRef = D6A87A122AEB0AF8005A35AA /* RandomCurseGeneratorTests.swift */; };
		D6A87A1D2AEB0AF8005A35AA /* RandomCurseGeneratorUITests.swift in Sources */ = {isa = PBXBuildFile; fileRef = D6A87A1C2AEB0AF8005A35AA /* RandomCurseGeneratorUITests.swift */; };
		D6A87A1F2AEB0AF8005A35AA /* RandomCurseGeneratorUITestsLaunchTests.swift in Sources */ = {isa = PBXBuildFile; fileRef = D6A87A1E2AEB0AF8005A35AA /* RandomCurseGeneratorUITestsLaunchTests.swift */; };
		D6A87A2C2AEB0B16005A35AA /* Functions.swift in Sources */ = {isa = PBXBuildFile; fileRef = D6A87A2B2AEB0B16005A35AA /* Functions.swift */; };
/* End PBXBuildFile section */

/* Begin PBXContainerItemProxy section */
		D6A87A0F2AEB0AF8005A35AA /* PBXContainerItemProxy */ = {
			isa = PBXContainerItemProxy;
			containerPortal = D6A879F62AEB0AF7005A35AA /* Project object */;
			proxyType = 1;
			remoteGlobalIDString = D6A879FD2AEB0AF7005A35AA;
			remoteInfo = RandomCurseGenerator;
		};
		D6A87A192AEB0AF8005A35AA /* PBXContainerItemProxy */ = {
			isa = PBXContainerItemProxy;
			containerPortal = D6A879F62AEB0AF7005A35AA /* Project object */;
			proxyType = 1;
			remoteGlobalIDString = D6A879FD2AEB0AF7005A35AA;
			remoteInfo = RandomCurseGenerator;
		};
/* End PBXContainerItemProxy section */

/* Begin PBXFileReference section */
		D6A879FE2AEB0AF7005A35AA /* RandomCurseGenerator.app */ = {isa = PBXFileReference; explicitFileType = wrapper.application; includeInIndex = 0; path = RandomCurseGenerator.app; sourceTree = BUILT_PRODUCTS_DIR; };
		D6A87A012AEB0AF7005A35AA /* RandomCurseGeneratorApp.swift */ = {isa = PBXFileReference; lastKnownFileType = sourcecode.swift; path = RandomCurseGeneratorApp.swift; sourceTree = "<group>"; };
		D6A87A032AEB0AF7005A35AA /* ContentView.swift */ = {isa = PBXFileReference; lastKnownFileType = sourcecode.swift; path = ContentView.swift; sourceTree = "<group>"; };
		D6A87A052AEB0AF8005A35AA /* Assets.xcassets */ = {isa = PBXFileReference; lastKnownFileType = folder.assetcatalog; path = Assets.xcassets; sourceTree = "<group>"; };
		D6A87A082AEB0AF8005A35AA /* Preview Assets.xcassets */ = {isa = PBXFileReference; lastKnownFileType = folder.assetcatalog; path = "Preview Assets.xcassets"; sourceTree = "<group>"; };
		D6A87A0E2AEB0AF8005A35AA /* RandomCurseGeneratorTests.xctest */ = {isa = PBXFileReference; explicitFileType = wrapper.cfbundle; includeInIndex = 0; path = RandomCurseGeneratorTests.xctest; sourceTree = BUILT_PRODUCTS_DIR; };
		D6A87A122AEB0AF8005A35AA /* RandomCurseGeneratorTests.swift */ = {isa = PBXFileReference; lastKnownFileType = sourcecode.swift; path = RandomCurseGeneratorTests.swift; sourceTree = "<group>"; };
		D6A87A182AEB0AF8005A35AA /* RandomCurseGeneratorUITests.xctest */ = {isa = PBXFileReference; explicitFileType = wrapper.cfbundle; includeInIndex = 0; path = RandomCurseGeneratorUITests.xctest; sourceTree = BUILT_PRODUCTS_DIR; };
		D6A87A1C2AEB0AF8005A35AA /* RandomCurseGeneratorUITests.swift */ = {isa = PBXFileReference; lastKnownFileType = sourcecode.swift; path = RandomCurseGeneratorUITests.swift; sourceTree = "<group>"; };
		D6A87A1E2AEB0AF8005A35AA /* RandomCurseGeneratorUITestsLaunchTests.swift */ = {isa = PBXFileReference; lastKnownFileType = sourcecode.swift; path = RandomCurseGeneratorUITestsLaunchTests.swift; sourceTree = "<group>"; };
		D6A87A2B2AEB0B16005A35AA /* Functions.swift */ = {isa = PBXFileReference; lastKnownFileType = sourcecode.swift; path = Functions.swift; sourceTree = "<group>"; };
/* End PBXFileReference section */

/* Begin PBXFrameworksBuildPhase section */
		D6A879FB2AEB0AF7005A35AA /* Frameworks */ = {
			isa = PBXFrameworksBuildPhase;
			buildActionMask = 2147483647;
			files = (
			);
			runOnlyForDeploymentPostprocessing = 0;
		};
		D6A87A0B2AEB0AF8005A35AA /* Frameworks */ = {
			isa = PBXFrameworksBuildPhase;
			buildActionMask = 2147483647;
			files = (
			);
			runOnlyForDeploymentPostprocessing = 0;
		};
		D6A87A152AEB0AF8005A35AA /* Frameworks */ = {
			isa = PBXFrameworksBuildPhase;
			buildActionMask = 2147483647;
			files = (
			);
			runOnlyForDeploymentPostprocessing = 0;
		};
/* End PBXFrameworksBuildPhase section */

/* Begin PBXGroup section */
		D6A879F52AEB0AF7005A35AA = {
			isa = PBXGroup;
			children = (
				D6A87A002AEB0AF7005A35AA /* RandomCurseGenerator */,
				D6A87A112AEB0AF8005A35AA /* RandomCurseGeneratorTests */,
				D6A87A1B2AEB0AF8005A35AA /* RandomCurseGeneratorUITests */,
				D6A879FF2AEB0AF7005A35AA /* Products */,
			);
			sourceTree = "<group>";
		};
		D6A879FF2AEB0AF7005A35AA /* Products */ = {
			isa = PBXGroup;
			children = (
				D6A879FE2AEB0AF7005A35AA /* RandomCurseGenerator.app */,
				D6A87A0E2AEB0AF8005A35AA /* RandomCurseGeneratorTests.xctest */,
				D6A87A182AEB0AF8005A35AA /* RandomCurseGeneratorUITests.xctest */,
			);
			name = Products;
			sourceTree = "<group>";
		};
		D6A87A002AEB0AF7005A35AA /* RandomCurseGenerator */ = {
			isa = PBXGroup;
			children = (
				D6A87A012AEB0AF7005A35AA /* RandomCurseGeneratorApp.swift */,
				D6A87A032AEB0AF7005A35AA /* ContentView.swift */,
				D6A87A2B2AEB0B16005A35AA /* Functions.swift */,
				D6A87A052AEB0AF8005A35AA /* Assets.xcassets */,
				D6A87A072AEB0AF8005A35AA /* Preview Content */,
			);
			path = RandomCurseGenerator;
			sourceTree = "<group>";
		};
		D6A87A072AEB0AF8005A35AA /* Preview Content */ = {
			isa = PBXGroup;
			children = (
				D6A87A082AEB0AF8005A35AA /* Preview Assets.xcassets */,
			);
			path = "Preview Content";
			sourceTree = "<group>";
		};
		D6A87A112AEB0AF8005A35AA /* RandomCurseGeneratorTests */ = {
			isa = PBXGroup;
			children = (
				D6A87A122AEB0AF8005A35AA /* RandomCurseGeneratorTests.swift */,
			);
			path = RandomCurseGeneratorTests;
			sourceTree = "<group>";
		};
		D6A87A1B2AEB0AF8005A35AA /* RandomCurseGeneratorUITests */ = {
			isa = PBXGroup;
			children = (
				D6A87A1C2AEB0AF8005A35AA /* RandomCurseGeneratorUITests.swift */,
				D6A87A1E2AEB0AF8005A35AA /* RandomCurseGeneratorUITestsLaunchTests.swift */,
			);
			path = RandomCurseGeneratorUITests;
			sourceTree = "<group>";
		};
/* End PBXGroup section */

/* Begin PBXNativeTarget section */
		D6A879FD2AEB0AF7005A35AA /* RandomCurseGenerator */ = {
			isa = PBXNativeTarget;
			buildConfigurationList = D6A87A222AEB0AF8005A35AA /* Build configuration list for PBXNativeTarget "RandomCurseGenerator" */;
			buildPhases = (
				D6A879FA2AEB0AF7005A35AA /* Sources */,
				D6A879FB2AEB0AF7005A35AA /* Frameworks */,
				D6A879FC2AEB0AF7005A35AA /* Resources */,
			);
			buildRules = (
			);
			dependencies = (
			);
			name = RandomCurseGenerator;
			productName = RandomCurseGenerator;
			productReference = D6A879FE2AEB0AF7005A35AA /* RandomCurseGenerator.app */;
			productType = "com.apple.product-type.application";
		};
		D6A87A0D2AEB0AF8005A35AA /* RandomCurseGeneratorTests */ = {
			isa = PBXNativeTarget;
			buildConfigurationList = D6A87A252AEB0AF8005A35AA /* Build configuration list for PBXNativeTarget "RandomCurseGeneratorTests" */;
			buildPhases = (
				D6A87A0A2AEB0AF8005A35AA /* Sources */,
				D6A87A0B2AEB0AF8005A35AA /* Frameworks */,
				D6A87A0C2AEB0AF8005A35AA /* Resources */,
			);
			buildRules = (
			);
			dependencies = (
				D6A87A102AEB0AF8005A35AA /* PBXTargetDependency */,
			);
			name = RandomCurseGeneratorTests;
			productName = RandomCurseGeneratorTests;
			productReference = D6A87A0E2AEB0AF8005A35AA /* RandomCurseGeneratorTests.xctest */;
			productType = "com.apple.product-type.bundle.unit-test";
		};
		D6A87A172AEB0AF8005A35AA /* RandomCurseGeneratorUITests */ = {
			isa = PBXNativeTarget;
			buildConfigurationList = D6A87A282AEB0AF8005A35AA /* Build configuration list for PBXNativeTarget "RandomCurseGeneratorUITests" */;
			buildPhases = (
				D6A87A142AEB0AF8005A35AA /* Sources */,
				D6A87A152AEB0AF8005A35AA /* Frameworks */,
				D6A87A162AEB0AF8005A35AA /* Resources */,
			);
			buildRules = (
			);
			dependencies = (
				D6A87A1A2AEB0AF8005A35AA /* PBXTargetDependency */,
			);
			name = RandomCurseGeneratorUITests;
			productName = RandomCurseGeneratorUITests;
			productReference = D6A87A182AEB0AF8005A35AA /* RandomCurseGeneratorUITests.xctest */;
			productType = "com.apple.product-type.bundle.ui-testing";
		};
/* End PBXNativeTarget section */

/* Begin PBXProject section */
		D6A879F62AEB0AF7005A35AA /* Project object */ = {
			isa = PBXProject;
			attributes = {
				BuildIndependentTargetsInParallel = 1;
				LastSwiftUpdateCheck = 1500;
				LastUpgradeCheck = 1500;
				TargetAttributes = {
					D6A879FD2AEB0AF7005A35AA = {
						CreatedOnToolsVersion = 15.0;
					};
					D6A87A0D2AEB0AF8005A35AA = {
						CreatedOnToolsVersion = 15.0;
						TestTargetID = D6A879FD2AEB0AF7005A35AA;
					};
					D6A87A172AEB0AF8005A35AA = {
						CreatedOnToolsVersion = 15.0;
						TestTargetID = D6A879FD2AEB0AF7005A35AA;
					};
				};
			};
			buildConfigurationList = D6A879F92AEB0AF7005A35AA /* Build configuration list for PBXProject "RandomCurseGenerator" */;
			compatibilityVersion = "Xcode 14.0";
			developmentRegion = en;
			hasScannedForEncodings = 0;
			knownRegions = (
				en,
				Base,
			);
			mainGroup = D6A879F52AEB0AF7005A35AA;
			productRefGroup = D6A879FF2AEB0AF7005A35AA /* Products */;
			projectDirPath = "";
			projectRoot = "";
			targets = (
				D6A879FD2AEB0AF7005A35AA /* RandomCurseGenerator */,
				D6A87A0D2AEB0AF8005A35AA /* RandomCurseGeneratorTests */,
				D6A87A172AEB0AF8005A35AA /* RandomCurseGeneratorUITests */,
			);
		};
/* End PBXProject section */

/* Begin PBXResourcesBuildPhase section */
		D6A879FC2AEB0AF7005A35AA /* Resources */ = {
			isa = PBXResourcesBuildPhase;
			buildActionMask = 2147483647;
			files = (
				D6A87A092AEB0AF8005A35AA /* Preview Assets.xcassets in Resources */,
				D6A87A062AEB0AF8005A35AA /* Assets.xcassets in Resources */,
			);
			runOnlyForDeploymentPostprocessing = 0;
		};
		D6A87A0C2AEB0AF8005A35AA /* Resources */ = {
			isa = PBXResourcesBuildPhase;
			buildActionMask = 2147483647;
			files = (
			);
			runOnlyForDeploymentPostprocessing = 0;
		};
		D6A87A162AEB0AF8005A35AA /* Resources */ = {
			isa = PBXResourcesBuildPhase;
			buildActionMask = 2147483647;
			files = (
			);
			runOnlyForDeploymentPostprocessing = 0;
		};
/* End PBXResourcesBuildPhase section */

/* Begin PBXSourcesBuildPhase section */
		D6A879FA2AEB0AF7005A35AA /* Sources */ = {
			isa = PBXSourcesBuildPhase;
			buildActionMask = 2147483647;
			files = (
				D6A87A042AEB0AF7005A35AA /* ContentView.swift in Sources */,
				D6A87A022AEB0AF7005A35AA /* RandomCurseGeneratorApp.swift in Sources */,
				D6A87A2C2AEB0B16005A35AA /* Functions.swift in Sources */,
			);
			runOnlyForDeploymentPostprocessing = 0;
		};
		D6A87A0A2AEB0AF8005A35AA /* Sources */ = {
			isa = PBXSourcesBuildPhase;
			buildActionMask = 2147483647;
			files = (
				D6A87A132AEB0AF8005A35AA /* RandomCurseGeneratorTests.swift in Sources */,
			);
			runOnlyForDeploymentPostprocessing = 0;
		};
		D6A87A142AEB0AF8005A35AA /* Sources */ = {
			isa = PBXSourcesBuildPhase;
			buildActionMask = 2147483647;
			files = (
				D6A87A1F2AEB0AF8005A35AA /* RandomCurseGeneratorUITestsLaunchTests.swift in Sources */,
				D6A87A1D2AEB0AF8005A35AA /* RandomCurseGeneratorUITests.swift in Sources */,
			);
			runOnlyForDeploymentPostprocessing = 0;
		};
/* End PBXSourcesBuildPhase section */

/* Begin PBXTargetDependency section */
		D6A87A102AEB0AF8005A35AA /* PBXTargetDependency */ = {
			isa = PBXTargetDependency;
			target = D6A879FD2AEB0AF7005A35AA /* RandomCurseGenerator */;
			targetProxy = D6A87A0F2AEB0AF8005A35AA /* PBXContainerItemProxy */;
		};
		D6A87A1A2AEB0AF8005A35AA /* PBXTargetDependency */ = {
			isa = PBXTargetDependency;
			target = D6A879FD2AEB0AF7005A35AA /* RandomCurseGenerator */;
			targetProxy = D6A87A192AEB0AF8005A35AA /* PBXContainerItemProxy */;
		};
/* End PBXTargetDependency section */

/* Begin XCBuildConfiguration section */
		D6A87A202AEB0AF8005A35AA /* Debug */ = {
			isa = XCBuildConfiguration;
			buildSettings = {
				ALWAYS_SEARCH_USER_PATHS = NO;
				ASSETCATALOG_COMPILER_GENERATE_SWIFT_ASSET_SYMBOL_EXTENSIONS = YES;
				CLANG_ANALYZER_NONNULL = YES;
				CLANG_ANALYZER_NUMBER_OBJECT_CONVERSION = YES_AGGRESSIVE;
				CLANG_CXX_LANGUAGE_STANDARD = "gnu++20";
				CLANG_ENABLE_MODULES = YES;
				CLANG_ENABLE_OBJC_ARC = YES;
				CLANG_ENABLE_OBJC_WEAK = YES;
				CLANG_WARN_BLOCK_CAPTURE_AUTORELEASING = YES;
				CLANG_WARN_BOOL_CONVERSION = YES;
				CLANG_WARN_COMMA = YES;
				CLANG_WARN_CONSTANT_CONVERSION = YES;
				CLANG_WARN_DEPRECATED_OBJC_IMPLEMENTATIONS = YES;
				CLANG_WARN_DIRECT_OBJC_ISA_USAGE = YES_ERROR;
				CLANG_WARN_DOCUMENTATION_COMMENTS = YES;
				CLANG_WARN_EMPTY_BODY = YES;
				CLANG_WARN_ENUM_CONVERSION = YES;
				CLANG_WARN_INFINITE_RECURSION = YES;
				CLANG_WARN_INT_CONVERSION = YES;
				CLANG_WARN_NON_LITERAL_NULL_CONVERSION = YES;
				CLANG_WARN_OBJC_IMPLICIT_RETAIN_SELF = YES;
				CLANG_WARN_OBJC_LITERAL_CONVERSION = YES;
				CLANG_WARN_OBJC_ROOT_CLASS = YES_ERROR;
				CLANG_WARN_QUOTED_INCLUDE_IN_FRAMEWORK_HEADER = YES;
				CLANG_WARN_RANGE_LOOP_ANALYSIS = YES;
				CLANG_WARN_STRICT_PROTOTYPES = YES;
				CLANG_WARN_SUSPICIOUS_MOVE = YES;
				CLANG_WARN_UNGUARDED_AVAILABILITY = YES_AGGRESSIVE;
				CLANG_WARN_UNREACHABLE_CODE = YES;
				CLANG_WARN__DUPLICATE_METHOD_MATCH = YES;
				COPY_PHASE_STRIP = NO;
				DEBUG_INFORMATION_FORMAT = dwarf;
				ENABLE_STRICT_OBJC_MSGSEND = YES;
				ENABLE_TESTABILITY = YES;
				ENABLE_USER_SCRIPT_SANDBOXING = YES;
				GCC_C_LANGUAGE_STANDARD = gnu17;
				GCC_DYNAMIC_NO_PIC = NO;
				GCC_NO_COMMON_BLOCKS = YES;
				GCC_OPTIMIZATION_LEVEL = 0;
				GCC_PREPROCESSOR_DEFINITIONS = (
					"DEBUG=1",
					"$(inherited)",
				);
				GCC_WARN_64_TO_32_BIT_CONVERSION = YES;
				GCC_WARN_ABOUT_RETURN_TYPE = YES_ERROR;
				GCC_WARN_UNDECLARED_SELECTOR = YES;
				GCC_WARN_UNINITIALIZED_AUTOS = YES_AGGRESSIVE;
				GCC_WARN_UNUSED_FUNCTION = YES;
				GCC_WARN_UNUSED_VARIABLE = YES;
				IPHONEOS_DEPLOYMENT_TARGET = 16.0;
				LOCALIZATION_PREFERS_STRING_CATALOGS = YES;
				MTL_ENABLE_DEBUG_INFO = INCLUDE_SOURCE;
				MTL_FAST_MATH = YES;
				ONLY_ACTIVE_ARCH = YES;
				SDKROOT = iphoneos;
				SWIFT_ACTIVE_COMPILATION_CONDITIONS = "DEBUG $(inherited)";
				SWIFT_OPTIMIZATION_LEVEL = "-Onone";
			};
			name = Debug;
		};
		D6A87A212AEB0AF8005A35AA /* Release */ = {
			isa = XCBuildConfiguration;
			buildSettings = {
				ALWAYS_SEARCH_USER_PATHS = NO;
				ASSETCATALOG_COMPILER_GENERATE_SWIFT_ASSET_SYMBOL_EXTENSIONS = YES;
				CLANG_ANALYZER_NONNULL = YES;
				CLANG_ANALYZER_NUMBER_OBJECT_CONVERSION = YES_AGGRESSIVE;
				CLANG_CXX_LANGUAGE_STANDARD = "gnu++20";
				CLANG_ENABLE_MODULES = YES;
				CLANG_ENABLE_OBJC_ARC = YES;
				CLANG_ENABLE_OBJC_WEAK = YES;
				CLANG_WARN_BLOCK_CAPTURE_AUTORELEASING = YES;
				CLANG_WARN_BOOL_CONVERSION = YES;
				CLANG_WARN_COMMA = YES;
				CLANG_WARN_CONSTANT_CONVERSION = YES;
				CLANG_WARN_DEPRECATED_OBJC_IMPLEMENTATIONS = YES;
				CLANG_WARN_DIRECT_OBJC_ISA_USAGE = YES_ERROR;
				CLANG_WARN_DOCUMENTATION_COMMENTS = YES;
				CLANG_WARN_EMPTY_BODY = YES;
				CLANG_WARN_ENUM_CONVERSION = YES;
				CLANG_WARN_INFINITE_RECURSION = YES;
				CLANG_WARN_INT_CONVERSION = YES;
				CLANG_WARN_NON_LITERAL_NULL_CONVERSION = YES;
				CLANG_WARN_OBJC_IMPLICIT_RETAIN_SELF = YES;
				CLANG_WARN_OBJC_LITERAL_CONVERSION = YES;
				CLANG_WARN_OBJC_ROOT_CLASS = YES_ERROR;
				CLANG_WARN_QUOTED_INCLUDE_IN_FRAMEWORK_HEADER = YES;
				CLANG_WARN_RANGE_LOOP_ANALYSIS = YES;
				CLANG_WARN_STRICT_PROTOTYPES = YES;
				CLANG_WARN_SUSPICIOUS_MOVE = YES;
				CLANG_WARN_UNGUARDED_AVAILABILITY = YES_AGGRESSIVE;
				CLANG_WARN_UNREACHABLE_CODE = YES;
				CLANG_WARN__DUPLICATE_METHOD_MATCH = YES;
				COPY_PHASE_STRIP = NO;
				DEBUG_INFORMATION_FORMAT = "dwarf-with-dsym";
				ENABLE_NS_ASSERTIONS = NO;
				ENABLE_STRICT_OBJC_MSGSEND = YES;
				ENABLE_USER_SCRIPT_SANDBOXING = YES;
				GCC_C_LANGUAGE_STANDARD = gnu17;
				GCC_NO_COMMON_BLOCKS = YES;
				GCC_WARN_64_TO_32_BIT_CONVERSION = YES;
				GCC_WARN_ABOUT_RETURN_TYPE = YES_ERROR;
				GCC_WARN_UNDECLARED_SELECTOR = YES;
				GCC_WARN_UNINITIALIZED_AUTOS = YES_AGGRESSIVE;
				GCC_WARN_UNUSED_FUNCTION = YES;
				GCC_WARN_UNUSED_VARIABLE = YES;
				IPHONEOS_DEPLOYMENT_TARGET = 16.0;
				LOCALIZATION_PREFERS_STRING_CATALOGS = YES;
				MTL_ENABLE_DEBUG_INFO = NO;
				MTL_FAST_MATH = YES;
				SDKROOT = iphoneos;
				SWIFT_COMPILATION_MODE = wholemodule;
				VALIDATE_PRODUCT = YES;
			};
			name = Release;
		};
		D6A87A232AEB0AF8005A35AA /* Debug */ = {
			isa = XCBuildConfiguration;
			buildSettings = {
				ASSETCATALOG_COMPILER_APPICON_NAME = AppIcon;
				ASSETCATALOG_COMPILER_GLOBAL_ACCENT_COLOR_NAME = AccentColor;
				CODE_SIGN_STYLE = Automatic;
				CURRENT_PROJECT_VERSION = 1;
				DEVELOPMENT_ASSET_PATHS = "\"RandomCurseGenerator/Preview Content\"";
				DEVELOPMENT_TEAM = 5Q9K7U8YKX;
				ENABLE_PREVIEWS = YES;
				GENERATE_INFOPLIST_FILE = YES;
				INFOPLIST_KEY_CFBundleDisplayName = "Push To Swear";
				INFOPLIST_KEY_UIApplicationSceneManifest_Generation = YES;
				INFOPLIST_KEY_UIApplicationSupportsIndirectInputEvents = YES;
				INFOPLIST_KEY_UILaunchScreen_Generation = YES;
				INFOPLIST_KEY_UISupportedInterfaceOrientations_iPad = "UIInterfaceOrientationPortrait UIInterfaceOrientationPortraitUpsideDown UIInterfaceOrientationLandscapeLeft UIInterfaceOrientationLandscapeRight";
				INFOPLIST_KEY_UISupportedInterfaceOrientations_iPhone = "UIInterfaceOrientationPortrait UIInterfaceOrientationLandscapeLeft UIInterfaceOrientationLandscapeRight";
				IPHONEOS_DEPLOYMENT_TARGET = 16.0;
				LD_RUNPATH_SEARCH_PATHS = (
					"$(inherited)",
					"@executable_path/Frameworks",
				);
				MARKETING_VERSION = 0.1;
				PRODUCT_BUNDLE_IDENTIFIER = com.kevinbuchholz.RandomCurseGenerator.PushToSwear;
				PRODUCT_NAME = "$(TARGET_NAME)";
				SWIFT_EMIT_LOC_STRINGS = YES;
				SWIFT_VERSION = 5.0;
				TARGETED_DEVICE_FAMILY = "1,2";
			};
			name = Debug;
		};
		D6A87A242AEB0AF8005A35AA /* Release */ = {
			isa = XCBuildConfiguration;
			buildSettings = {
				ASSETCATALOG_COMPILER_APPICON_NAME = AppIcon;
				ASSETCATALOG_COMPILER_GLOBAL_ACCENT_COLOR_NAME = AccentColor;
				CODE_SIGN_STYLE = Automatic;
				CURRENT_PROJECT_VERSION = 1;
				DEVELOPMENT_ASSET_PATHS = "\"RandomCurseGenerator/Preview Content\"";
				DEVELOPMENT_TEAM = 5Q9K7U8YKX;
				ENABLE_PREVIEWS = YES;
				GENERATE_INFOPLIST_FILE = YES;
				INFOPLIST_KEY_CFBundleDisplayName = "Push To Swear";
				INFOPLIST_KEY_UIApplicationSceneManifest_Generation = YES;
				INFOPLIST_KEY_UIApplicationSupportsIndirectInputEvents = YES;
				INFOPLIST_KEY_UILaunchScreen_Generation = YES;
				INFOPLIST_KEY_UISupportedInterfaceOrientations_iPad = "UIInterfaceOrientationPortrait UIInterfaceOrientationPortraitUpsideDown UIInterfaceOrientationLandscapeLeft UIInterfaceOrientationLandscapeRight";
				INFOPLIST_KEY_UISupportedInterfaceOrientations_iPhone = "UIInterfaceOrientationPortrait UIInterfaceOrientationLandscapeLeft UIInterfaceOrientationLandscapeRight";
				IPHONEOS_DEPLOYMENT_TARGET = 16.0;
				LD_RUNPATH_SEARCH_PATHS = (
					"$(inherited)",
					"@executable_path/Frameworks",
				);
				MARKETING_VERSION = 0.1;
				PRODUCT_BUNDLE_IDENTIFIER = com.kevinbuchholz.RandomCurseGenerator.PushToSwear;
				PRODUCT_NAME = "$(TARGET_NAME)";
				SWIFT_EMIT_LOC_STRINGS = YES;
				SWIFT_VERSION = 5.0;
				TARGETED_DEVICE_FAMILY = "1,2";
			};
			name = Release;
		};
		D6A87A262AEB0AF8005A35AA /* Debug */ = {
			isa = XCBuildConfiguration;
			buildSettings = {
				ALWAYS_EMBED_SWIFT_STANDARD_LIBRARIES = YES;
				BUNDLE_LOADER = "$(TEST_HOST)";
				CODE_SIGN_STYLE = Automatic;
				CURRENT_PROJECT_VERSION = 1;
				DEVELOPMENT_TEAM = 5Q9K7U8YKX;
				GENERATE_INFOPLIST_FILE = YES;
				IPHONEOS_DEPLOYMENT_TARGET = 17.0;
				MARKETING_VERSION = 1.0;
				PRODUCT_BUNDLE_IDENTIFIER = com.kevinbuchholz.RandomCurseGenerator.RandomCurseGeneratorTests;
				PRODUCT_NAME = "$(TARGET_NAME)";
				SWIFT_EMIT_LOC_STRINGS = NO;
				SWIFT_VERSION = 5.0;
				TARGETED_DEVICE_FAMILY = "1,2";
				TEST_HOST = "$(BUILT_PRODUCTS_DIR)/RandomCurseGenerator.app/$(BUNDLE_EXECUTABLE_FOLDER_PATH)/RandomCurseGenerator";
			};
			name = Debug;
		};
		D6A87A272AEB0AF8005A35AA /* Release */ = {
			isa = XCBuildConfiguration;
			buildSettings = {
				ALWAYS_EMBED_SWIFT_STANDARD_LIBRARIES = YES;
				BUNDLE_LOADER = "$(TEST_HOST)";
				CODE_SIGN_STYLE = Automatic;
				CURRENT_PROJECT_VERSION = 1;
				DEVELOPMENT_TEAM = 5Q9K7U8YKX;
				GENERATE_INFOPLIST_FILE = YES;
				IPHONEOS_DEPLOYMENT_TARGET = 17.0;
				MARKETING_VERSION = 1.0;
				PRODUCT_BUNDLE_IDENTIFIER = com.kevinbuchholz.RandomCurseGenerator.RandomCurseGeneratorTests;
				PRODUCT_NAME = "$(TARGET_NAME)";
				SWIFT_EMIT_LOC_STRINGS = NO;
				SWIFT_VERSION = 5.0;
				TARGETED_DEVICE_FAMILY = "1,2";
				TEST_HOST = "$(BUILT_PRODUCTS_DIR)/RandomCurseGenerator.app/$(BUNDLE_EXECUTABLE_FOLDER_PATH)/RandomCurseGenerator";
			};
			name = Release;
		};
		D6A87A292AEB0AF8005A35AA /* Debug */ = {
			isa = XCBuildConfiguration;
			buildSettings = {
				ALWAYS_EMBED_SWIFT_STANDARD_LIBRARIES = YES;
				CODE_SIGN_STYLE = Automatic;
				CURRENT_PROJECT_VERSION = 1;
				DEVELOPMENT_TEAM = 5Q9K7U8YKX;
				GENERATE_INFOPLIST_FILE = YES;
				MARKETING_VERSION = 1.0;
				PRODUCT_BUNDLE_IDENTIFIER = com.kevinbuchholz.RandomCurseGenerator.RandomCurseGeneratorUITests;
				PRODUCT_NAME = "$(TARGET_NAME)";
				SWIFT_EMIT_LOC_STRINGS = NO;
				SWIFT_VERSION = 5.0;
				TARGETED_DEVICE_FAMILY = "1,2";
				TEST_TARGET_NAME = RandomCurseGenerator;
			};
			name = Debug;
		};
		D6A87A2A2AEB0AF8005A35AA /* Release */ = {
			isa = XCBuildConfiguration;
			buildSettings = {
				ALWAYS_EMBED_SWIFT_STANDARD_LIBRARIES = YES;
				CODE_SIGN_STYLE = Automatic;
				CURRENT_PROJECT_VERSION = 1;
				DEVELOPMENT_TEAM = 5Q9K7U8YKX;
				GENERATE_INFOPLIST_FILE = YES;
				MARKETING_VERSION = 1.0;
				PRODUCT_BUNDLE_IDENTIFIER = com.kevinbuchholz.RandomCurseGenerator.RandomCurseGeneratorUITests;
				PRODUCT_NAME = "$(TARGET_NAME)";
				SWIFT_EMIT_LOC_STRINGS = NO;
				SWIFT_VERSION = 5.0;
				TARGETED_DEVICE_FAMILY = "1,2";
				TEST_TARGET_NAME = RandomCurseGenerator;
			};
			name = Release;
		};
/* End XCBuildConfiguration section */

/* Begin XCConfigurationList section */
		D6A879F92AEB0AF7005A35AA /* Build configuration list for PBXProject "RandomCurseGenerator" */ = {
			isa = XCConfigurationList;
			buildConfigurations = (
				D6A87A202AEB0AF8005A35AA /* Debug */,
				D6A87A212AEB0AF8005A35AA /* Release */,
			);
			defaultConfigurationIsVisible = 0;
			defaultConfigurationName = Release;
		};
		D6A87A222AEB0AF8005A35AA /* Build configuration list for PBXNativeTarget "RandomCurseGenerator" */ = {
			isa = XCConfigurationList;
			buildConfigurations = (
				D6A87A232AEB0AF8005A35AA /* Debug */,
				D6A87A242AEB0AF8005A35AA /* Release */,
			);
			defaultConfigurationIsVisible = 0;
			defaultConfigurationName = Release;
		};
		D6A87A252AEB0AF8005A35AA /* Build configuration list for PBXNativeTarget "RandomCurseGeneratorTests" */ = {
			isa = XCConfigurationList;
			buildConfigurations = (
				D6A87A262AEB0AF8005A35AA /* Debug */,
				D6A87A272AEB0AF8005A35AA /* Release */,
			);
			defaultConfigurationIsVisible = 0;
			defaultConfigurationName = Release;
		};
		D6A87A282AEB0AF8005A35AA /* Build configuration list for PBXNativeTarget "RandomCurseGeneratorUITests" */ = {
			isa = XCConfigurationList;
			buildConfigurations = (
				D6A87A292AEB0AF8005A35AA /* Debug */,
				D6A87A2A2AEB0AF8005A35AA /* Release */,
			);
			defaultConfigurationIsVisible = 0;
			defaultConfigurationName = Release;
		};
/* End XCConfigurationList section */
	};
	rootObject = D6A879F62AEB0AF7005A35AA /* Project object */;
}
